
Microsoft Visual Studio Solution File, Format Version 12.00
# Visual Studio Version 16
VisualStudioVersion = 16.0.30413.136
MinimumVisualStudioVersion = 10.0.40219.1
Project("{FAE04EC0-301F-11D3-BF4B-00C04F79EFBC}") = "ChatClientApp", "ChatClientApp\ChatClientApp.csproj", "{F9177C41-6E74-4A06-86D4-278742B4D39B}"
EndProject
Project("{9A19103F-16F7-4668-BE54-9A1E7A4F7556}") = "ChatServerApp", "ChatServerApp\ChatServerApp.csproj", "{0A5C7776-736A-4566-8491-BDD640BC3C54}"
EndProject
Global
	GlobalSection(SolutionConfigurationPlatforms) = preSolution
		Debug|Any CPU = Debug|Any CPU
		Release|Any CPU = Release|Any CPU
	EndGlobalSection
	GlobalSection(ProjectConfigurationPlatforms) = postSolution
		{F9177C41-6E74-4A06-86D4-278742B4D39B}.Debug|Any CPU.ActiveCfg = Debug|Any CPU
		{F9177C41-6E74-4A06-86D4-278742B4D39B}.Debug|Any CPU.Build.0 = Debug|Any CPU
		{F9177C41-6E74-4A06-86D4-278742B4D39B}.Release|Any CPU.ActiveCfg = Release|Any CPU
		{F9177C41-6E74-4A06-86D4-278742B4D39B}.Release|Any CPU.Build.0 = Release|Any CPU
		{0A5C7776-736A-4566-8491-BDD640BC3C54}.Debug|Any CPU.ActiveCfg = Debug|Any CPU
		{0A5C7776-736A-4566-8491-BDD640BC3C54}.Debug|Any CPU.Build.0 = Debug|Any CPU
		{0A5C7776-736A-4566-8491-BDD640BC3C54}.Release|Any CPU.ActiveCfg = Release|Any CPU
		{0A5C7776-736A-4566-8491-BDD640BC3C54}.Release|Any CPU.Build.0 = Release|Any CPU
	EndGlobalSection
	GlobalSection(SolutionProperties) = preSolution
		HideSolutionNode = FALSE
	EndGlobalSection
	GlobalSection(ExtensibilityGlobals) = postSolution
		SolutionGuid = {E5A9DB92-C65E-4E6B-AFED-4D08BE0AD1CB}
	EndGlobalSection
EndGlobal
